
Microsoft Visual Studio Solution File, Format Version 12.00
# Visual Studio Version 17
VisualStudioVersion = 17.9.34616.47
MinimumVisualStudioVersion = 10.0.40219.1
Project("{03EA3ECE-B9A8-4428-B37B-11FC5EEF5430}") = "WinRAR-Password-Crack", "WinRAR-Password-Crack\WinRAR-Password-Crack.csproj", "{FB42B36E-9433-4C47-B550-7F473F46B9DD}"
EndProject
Global
	GlobalSection(SolutionConfigurationPlatforms) = preSolution
		Debug|Any CPU = Debug|Any CPU
		Release|Any CPU = Release|Any CPU
	EndGlobalSection
	GlobalSection(ProjectConfigurationPlatforms) = postSolution
		{FB42B36E-9433-4C47-B550-7F473F46B9DD}.Debug|Any CPU.ActiveCfg = Debug|Any CPU
		{FB42B36E-9433-4C47-B550-7F473F46B9DD}.Debug|Any CPU.Build.0 = Debug|Any CPU
		{FB42B36E-9433-4C47-B550-7F473F46B9DD}.Release|Any CPU.ActiveCfg = Release|Any CPU
		{FB42B36E-9433-4C47-B550-7F473F46B9DD}.Release|Any CPU.Build.0 = Release|Any CPU
	EndGlobalSection
	GlobalSection(SolutionProperties) = preSolution
		HideSolutionNode = FALSE
	EndGlobalSection
	GlobalSection(ExtensibilityGlobals) = postSolution
		SolutionGuid = {95CD55AB-4B06-49CB-AB41-A1D1A5F0889A}
	EndGlobalSection
EndGlobal
